
Microsoft Visual Studio Solution File, Format Version 12.00
# Visual Studio Version 17
VisualStudioVersion = 17.13.35806.99
MinimumVisualStudioVersion = 10.0.40219.1
Project("{2150E333-8FDC-42A3-9474-1A3956D46DE8}") = "Engine", "Engine", "{02EA681E-C7D8-13C7-8484-4AC65E1B71E8}"
EndProject
Project("{8BC9CEB8-8B4A-11D0-8D11-00A0C91BC942}") = "3DEngine", "Engine\3DEngine\3DEngine.vcxproj", "{81CE9DB3-0180-45A2-AFDB-859267529CAD}"
EndProject
Project("{2150E333-8FDC-42A3-9474-1A3956D46DE8}") = "Framework", "Framework", "{6CD879E0-67E9-4B40-B7DA-346056727AC1}"
EndProject
Project("{8BC9CEB8-8B4A-11D0-8D11-00A0C91BC942}") = "Core", "Framework\Core\Core.vcxproj", "{7F2CB4CC-00BD-4121-8F14-C4E1B398493D}"
EndProject
Project("{2150E333-8FDC-42A3-9474-1A3956D46DE8}") = "VGP242", "VGP242", "{0A018CD2-2A3C-4CAE-B017-652FB7A32785}"
EndProject
Project("{8BC9CEB8-8B4A-11D0-8D11-00A0C91BC942}") = "01_HelloWindow", "VGP242\01_HelloWindow\01_HelloWindow.vcxproj", "{C58241CD-EAC3-46A1-A61D-8D62022172B9}"
EndProject
Project("{8BC9CEB8-8B4A-11D0-8D11-00A0C91BC942}") = "Math", "Framework\Math\Math.vcxproj", "{010A10EA-309A-4A40-8060-528235283023}"
EndProject
Project("{2150E333-8FDC-42A3-9474-1A3956D46DE8}") = "External", "External", "{96F46E99-D1B1-4B7B-BF42-30151BCDDEFF}"
EndProject
Project("{8BC9CEB8-8B4A-11D0-8D11-00A0C91BC942}") = "DirectXTK_Desktop_2022", "External\DirectXTK\DirectXTK_Desktop_2022.vcxproj", "{E0B52AE7-E160-4D32-BF3F-910B785E5A8E}"
EndProject
Project("{8BC9CEB8-8B4A-11D0-8D11-00A0C91BC942}") = "Graphics", "Framework\Graphics\Graphics.vcxproj", "{341C9BB3-DAA2-49F5-B08A-90E39EAF34E9}"
EndProject
Project("{8BC9CEB8-8B4A-11D0-8D11-00A0C91BC942}") = "02_HelloShapes", "VGP242\02_HelloShapes\02_HelloShapes.vcxproj", "{C8C9EF2E-7690-4CC0-859D-244C71C560D0}"
EndProject
Project("{2150E333-8FDC-42A3-9474-1A3956D46DE8}") = "Assets", "Assets", "{81D4BB96-B526-4904-ACF5-1E7900598A49}"
EndProject
Project("{2150E333-8FDC-42A3-9474-1A3956D46DE8}") = "Shaders", "Shaders", "{9E8AB125-6C7A-4972-A197-252DF14E0A6D}"
	ProjectSection(SolutionItems) = preProject
		Assets\Shaders\CelShader.fx = Assets\Shaders\CelShader.fx
		Assets\Shaders\Dissolve.fx = Assets\Shaders\Dissolve.fx
		Assets\Shaders\DoColor.fx = Assets\Shaders\DoColor.fx
		Assets\Shaders\DoSomething.fx = Assets\Shaders\DoSomething.fx
		Assets\Shaders\DoTexture.fx = Assets\Shaders\DoTexture.fx
		Assets\Shaders\DoTransformColor.fx = Assets\Shaders\DoTransformColor.fx
		Assets\Shaders\PostProcessing.fx = Assets\Shaders\PostProcessing.fx
		Assets\Shaders\Shadow.fx = Assets\Shaders\Shadow.fx
		Assets\Shaders\SimpleDraw.fx = Assets\Shaders\SimpleDraw.fx
		Assets\Shaders\Standard.fx = Assets\Shaders\Standard.fx
		Assets\Shaders\Terrain.fx = Assets\Shaders\Terrain.fx
	EndProjectSection
EndProject
Project("{8BC9CEB8-8B4A-11D0-8D11-00A0C91BC942}") = "Input", "Framework\Input\Input.vcxproj", "{3629F01A-6FED-42EB-B308-E9F7F1346EAF}"
EndProject
Project("{8BC9CEB8-8B4A-11D0-8D11-00A0C91BC942}") = "03_HelloCube", "VGP242\03_HelloCube\03_HelloCube.vcxproj", "{296E5950-19B3-4FC9-BF2A-94EDC4BC635F}"
EndProject
Project("{8BC9CEB8-8B4A-11D0-8D11-00A0C91BC942}") = "04_HelloMeshBuilder", "VGP242\04_HelloMeshBuilder\0_HelloMeshBuilder.vcxproj", "{5E4B1281-5505-4812-A9D0-193DB5E8A311}"
EndProject
Project("{8BC9CEB8-8B4A-11D0-8D11-00A0C91BC942}") = "ImGui", "External\ImGui\ImGui.vcxproj", "{52D656A2-A2F4-4C54-A3C7-653427BED1E8}"
EndProject
Project("{8BC9CEB8-8B4A-11D0-8D11-00A0C91BC942}") = "05_HelloDebug", "VGP242\05_HelloDebug\05_HelloDebug.vcxproj", "{73C22456-D084-4C97-A1EF-314DBAD3AAB7}"
EndProject
Project("{8BC9CEB8-8B4A-11D0-8D11-00A0C91BC942}") = "06_HelloRenderTarget", "VGP242\06_HelloRenderTarget\06_HelloRenderTarget.vcxproj", "{CF3FF4C1-8EBB-49A8-8CA8-63615F7FB616}"
EndProject
Project("{8BC9CEB8-8B4A-11D0-8D11-00A0C91BC942}") = "07_HelloSimpleTextureEffect", "VGP242\07_HelloSimpleTextureEffect\07_HelloSimpleTextureEffect.vcxproj", "{146E7678-095C-4439-A04D-15405745A7DB}"
EndProject
Project("{8BC9CEB8-8B4A-11D0-8D11-00A0C91BC942}") = "08_HelloSolarSystem", "VGP242\08_HelloSolarSystem\08_HelloSolarSystem.vcxproj", "{C69ACA3B-20E2-4D41-A67B-8F718060E950}"
EndProject
Project("{2150E333-8FDC-42A3-9474-1A3956D46DE8}") = "VGP330", "VGP330", "{FDAF19A3-4018-4276-BCB9-EDC88781B27D}"
EndProject
Project("{8BC9CEB8-8B4A-11D0-8D11-00A0C91BC942}") = "08_HelloLighting", "VGP330\08_HelloLighting\08_HelloLighting.vcxproj", "{586FEDA7-9454-4BE3-870A-45478048A3FF}"
EndProject
Project("{8BC9CEB8-8B4A-11D0-8D11-00A0C91BC942}") = "09_HelloCelShader", "VGP330\09_HelloCelShader\09_HelloCelShader.vcxproj", "{450D4CDF-0346-4A19-814E-467ABCEC26E8}"
EndProject
Project("{2150E333-8FDC-42A3-9474-1A3956D46DE8}") = "Tools", "Tools", "{725DC519-D5A8-49CE-B122-817F1722B72B}"
EndProject
Project("{8BC9CEB8-8B4A-11D0-8D11-00A0C91BC942}") = "ModelImporter", "Tools\ModelImporter\ModelImporter.vcxproj", "{A3050288-0164-4FD8-B2FB-A14F233C6BBA}"
EndProject
Project("{8BC9CEB8-8B4A-11D0-8D11-00A0C91BC942}") = "10_HelloModel", "VGP330\10_HelloModel\10_HelloModel.vcxproj", "{07DF55CD-44C4-42C8-A057-261878265556}"
EndProject
Project("{8BC9CEB8-8B4A-11D0-8D11-00A0C91BC942}") = "11_HelloPostProcessing", "VGP330\11_HelloPostProcessing\11_HelloPostProcessing.vcxproj", "{608D4852-700C-451D-B130-91A67B32A71A}"
EndProject
Project("{8BC9CEB8-8B4A-11D0-8D11-00A0C91BC942}") = "12_HelloShadow", "VGP330\12_HelloShadow\12_HelloShadow.vcxproj", "{32BFB85D-B117-4087-B353-24956A4D02DA}"
EndProject
Project("{8BC9CEB8-8B4A-11D0-8D11-00A0C91BC942}") = "13_HelloTerrain", "VGP330\13_HelloTerrain\13_HelloTerrain.vcxproj", "{86F7AEB2-61E1-4CFF-B042-30A3C94357AF}"
EndProject
Project("{8BC9CEB8-8B4A-11D0-8D11-00A0C91BC942}") = "00_FinalShader", "VGP330\00_FinalShader\00_FinalShader.vcxproj", "{6EE48CD6-7542-437A-B32A-1BDF3C6143D8}"
EndProject
Project("{2150E333-8FDC-42A3-9474-1A3956D46DE8}") = "VGP334", "VGP334", "{83EE5C27-CE0F-4481-BC1D-F0E8A3C2F4C2}"
EndProject
Project("{8BC9CEB8-8B4A-11D0-8D11-00A0C91BC942}") = "14_HelloAnimation", "VGP334\14_HelloAnimation\14_HelloAnimation.vcxproj", "{9EFE4E51-454A-4AFF-AEE5-26668E192C64}"
EndProject
Project("{8BC9CEB8-8B4A-11D0-8D11-00A0C91BC942}") = "15_HelloSkeleton", "VGP334\15_HelloSkeleton\15_HelloSkeleton.vcxproj", "{F0B127AC-410E-4A5C-B454-4DDAECA42D6A}"
EndProject
Global
	GlobalSection(SolutionConfigurationPlatforms) = preSolution
		Debug|x64 = Debug|x64
		Debug|x86 = Debug|x86
		Release|x64 = Release|x64
		Release|x86 = Release|x86
	EndGlobalSection
	GlobalSection(ProjectConfigurationPlatforms) = postSolution
		{81CE9DB3-0180-45A2-AFDB-859267529CAD}.Debug|x64.ActiveCfg = Debug|x64
		{81CE9DB3-0180-45A2-AFDB-859267529CAD}.Debug|x64.Build.0 = Debug|x64
		{81CE9DB3-0180-45A2-AFDB-859267529CAD}.Debug|x86.ActiveCfg = Debug|Win32
		{81CE9DB3-0180-45A2-AFDB-859267529CAD}.Debug|x86.Build.0 = Debug|Win32
		{81CE9DB3-0180-45A2-AFDB-859267529CAD}.Release|x64.ActiveCfg = Release|x64
		{81CE9DB3-0180-45A2-AFDB-859267529CAD}.Release|x64.Build.0 = Release|x64
		{81CE9DB3-0180-45A2-AFDB-859267529CAD}.Release|x86.ActiveCfg = Release|Win32
		{81CE9DB3-0180-45A2-AFDB-859267529CAD}.Release|x86.Build.0 = Release|Win32
		{7F2CB4CC-00BD-4121-8F14-C4E1B398493D}.Debug|x64.ActiveCfg = Debug|x64
		{7F2CB4CC-00BD-4121-8F14-C4E1B398493D}.Debug|x64.Build.0 = Debug|x64
		{7F2CB4CC-00BD-4121-8F14-C4E1B398493D}.Debug|x86.ActiveCfg = Debug|Win32
		{7F2CB4CC-00BD-4121-8F14-C4E1B398493D}.Debug|x86.Build.0 = Debug|Win32
		{7F2CB4CC-00BD-4121-8F14-C4E1B398493D}.Release|x64.ActiveCfg = Release|x64
		{7F2CB4CC-00BD-4121-8F14-C4E1B398493D}.Release|x64.Build.0 = Release|x64
		{7F2CB4CC-00BD-4121-8F14-C4E1B398493D}.Release|x86.ActiveCfg = Release|Win32
		{7F2CB4CC-00BD-4121-8F14-C4E1B398493D}.Release|x86.Build.0 = Release|Win32
		{C58241CD-EAC3-46A1-A61D-8D62022172B9}.Debug|x64.ActiveCfg = Debug|x64
		{C58241CD-EAC3-46A1-A61D-8D62022172B9}.Debug|x64.Build.0 = Debug|x64
		{C58241CD-EAC3-46A1-A61D-8D62022172B9}.Debug|x86.ActiveCfg = Debug|Win32
		{C58241CD-EAC3-46A1-A61D-8D62022172B9}.Debug|x86.Build.0 = Debug|Win32
		{C58241CD-EAC3-46A1-A61D-8D62022172B9}.Release|x64.ActiveCfg = Release|x64
		{C58241CD-EAC3-46A1-A61D-8D62022172B9}.Release|x64.Build.0 = Release|x64
		{C58241CD-EAC3-46A1-A61D-8D62022172B9}.Release|x86.ActiveCfg = Release|Win32
		{C58241CD-EAC3-46A1-A61D-8D62022172B9}.Release|x86.Build.0 = Release|Win32
		{010A10EA-309A-4A40-8060-528235283023}.Debug|x64.ActiveCfg = Debug|x64
		{010A10EA-309A-4A40-8060-528235283023}.Debug|x64.Build.0 = Debug|x64
		{010A10EA-309A-4A40-8060-528235283023}.Debug|x86.ActiveCfg = Debug|Win32
		{010A10EA-309A-4A40-8060-528235283023}.Debug|x86.Build.0 = Debug|Win32
		{010A10EA-309A-4A40-8060-528235283023}.Release|x64.ActiveCfg = Release|x64
		{010A10EA-309A-4A40-8060-528235283023}.Release|x64.Build.0 = Release|x64
		{010A10EA-309A-4A40-8060-528235283023}.Release|x86.ActiveCfg = Release|Win32
		{010A10EA-309A-4A40-8060-528235283023}.Release|x86.Build.0 = Release|Win32
		{E0B52AE7-E160-4D32-BF3F-910B785E5A8E}.Debug|x64.ActiveCfg = Debug|x64
		{E0B52AE7-E160-4D32-BF3F-910B785E5A8E}.Debug|x64.Build.0 = Debug|x64
		{E0B52AE7-E160-4D32-BF3F-910B785E5A8E}.Debug|x86.ActiveCfg = Debug|Win32
		{E0B52AE7-E160-4D32-BF3F-910B785E5A8E}.Debug|x86.Build.0 = Debug|Win32
		{E0B52AE7-E160-4D32-BF3F-910B785E5A8E}.Release|x64.ActiveCfg = Release|x64
		{E0B52AE7-E160-4D32-BF3F-910B785E5A8E}.Release|x64.Build.0 = Release|x64
		{E0B52AE7-E160-4D32-BF3F-910B785E5A8E}.Release|x86.ActiveCfg = Release|Win32
		{E0B52AE7-E160-4D32-BF3F-910B785E5A8E}.Release|x86.Build.0 = Release|Win32
		{341C9BB3-DAA2-49F5-B08A-90E39EAF34E9}.Debug|x64.ActiveCfg = Debug|x64
		{341C9BB3-DAA2-49F5-B08A-90E39EAF34E9}.Debug|x64.Build.0 = Debug|x64
		{341C9BB3-DAA2-49F5-B08A-90E39EAF34E9}.Debug|x86.ActiveCfg = Debug|Win32
		{341C9BB3-DAA2-49F5-B08A-90E39EAF34E9}.Debug|x86.Build.0 = Debug|Win32
		{341C9BB3-DAA2-49F5-B08A-90E39EAF34E9}.Release|x64.ActiveCfg = Release|x64
		{341C9BB3-DAA2-49F5-B08A-90E39EAF34E9}.Release|x64.Build.0 = Release|x64
		{341C9BB3-DAA2-49F5-B08A-90E39EAF34E9}.Release|x86.ActiveCfg = Release|Win32
		{341C9BB3-DAA2-49F5-B08A-90E39EAF34E9}.Release|x86.Build.0 = Release|Win32
		{C8C9EF2E-7690-4CC0-859D-244C71C560D0}.Debug|x64.ActiveCfg = Debug|x64
		{C8C9EF2E-7690-4CC0-859D-244C71C560D0}.Debug|x64.Build.0 = Debug|x64
		{C8C9EF2E-7690-4CC0-859D-244C71C560D0}.Debug|x86.ActiveCfg = Debug|Win32
		{C8C9EF2E-7690-4CC0-859D-244C71C560D0}.Debug|x86.Build.0 = Debug|Win32
		{C8C9EF2E-7690-4CC0-859D-244C71C560D0}.Release|x64.ActiveCfg = Release|x64
		{C8C9EF2E-7690-4CC0-859D-244C71C560D0}.Release|x64.Build.0 = Release|x64
		{C8C9EF2E-7690-4CC0-859D-244C71C560D0}.Release|x86.ActiveCfg = Release|Win32
		{C8C9EF2E-7690-4CC0-859D-244C71C560D0}.Release|x86.Build.0 = Release|Win32
		{3629F01A-6FED-42EB-B308-E9F7F1346EAF}.Debug|x64.ActiveCfg = Debug|x64
		{3629F01A-6FED-42EB-B308-E9F7F1346EAF}.Debug|x64.Build.0 = Debug|x64
		{3629F01A-6FED-42EB-B308-E9F7F1346EAF}.Debug|x86.ActiveCfg = Debug|Win32
		{3629F01A-6FED-42EB-B308-E9F7F1346EAF}.Debug|x86.Build.0 = Debug|Win32
		{3629F01A-6FED-42EB-B308-E9F7F1346EAF}.Release|x64.ActiveCfg = Release|x64
		{3629F01A-6FED-42EB-B308-E9F7F1346EAF}.Release|x64.Build.0 = Release|x64
		{3629F01A-6FED-42EB-B308-E9F7F1346EAF}.Release|x86.ActiveCfg = Release|Win32
		{3629F01A-6FED-42EB-B308-E9F7F1346EAF}.Release|x86.Build.0 = Release|Win32
		{296E5950-19B3-4FC9-BF2A-94EDC4BC635F}.Debug|x64.ActiveCfg = Debug|x64
		{296E5950-19B3-4FC9-BF2A-94EDC4BC635F}.Debug|x64.Build.0 = Debug|x64
		{296E5950-19B3-4FC9-BF2A-94EDC4BC635F}.Debug|x86.ActiveCfg = Debug|Win32
		{296E5950-19B3-4FC9-BF2A-94EDC4BC635F}.Debug|x86.Build.0 = Debug|Win32
		{296E5950-19B3-4FC9-BF2A-94EDC4BC635F}.Release|x64.ActiveCfg = Release|x64
		{296E5950-19B3-4FC9-BF2A-94EDC4BC635F}.Release|x64.Build.0 = Release|x64
		{296E5950-19B3-4FC9-BF2A-94EDC4BC635F}.Release|x86.ActiveCfg = Release|Win32
		{296E5950-19B3-4FC9-BF2A-94EDC4BC635F}.Release|x86.Build.0 = Release|Win32
		{5E4B1281-5505-4812-A9D0-193DB5E8A311}.Debug|x64.ActiveCfg = Debug|x64
		{5E4B1281-5505-4812-A9D0-193DB5E8A311}.Debug|x64.Build.0 = Debug|x64
		{5E4B1281-5505-4812-A9D0-193DB5E8A311}.Debug|x86.ActiveCfg = Debug|Win32
		{5E4B1281-5505-4812-A9D0-193DB5E8A311}.Debug|x86.Build.0 = Debug|Win32
		{5E4B1281-5505-4812-A9D0-193DB5E8A311}.Release|x64.ActiveCfg = Release|x64
		{5E4B1281-5505-4812-A9D0-193DB5E8A311}.Release|x64.Build.0 = Release|x64
		{5E4B1281-5505-4812-A9D0-193DB5E8A311}.Release|x86.ActiveCfg = Release|Win32
		{5E4B1281-5505-4812-A9D0-193DB5E8A311}.Release|x86.Build.0 = Release|Win32
		{52D656A2-A2F4-4C54-A3C7-653427BED1E8}.Debug|x64.ActiveCfg = Debug|x64
		{52D656A2-A2F4-4C54-A3C7-653427BED1E8}.Debug|x64.Build.0 = Debug|x64
		{52D656A2-A2F4-4C54-A3C7-653427BED1E8}.Debug|x86.ActiveCfg = Debug|Win32
		{52D656A2-A2F4-4C54-A3C7-653427BED1E8}.Debug|x86.Build.0 = Debug|Win32
		{52D656A2-A2F4-4C54-A3C7-653427BED1E8}.Release|x64.ActiveCfg = Release|x64
		{52D656A2-A2F4-4C54-A3C7-653427BED1E8}.Release|x64.Build.0 = Release|x64
		{52D656A2-A2F4-4C54-A3C7-653427BED1E8}.Release|x86.ActiveCfg = Release|Win32
		{52D656A2-A2F4-4C54-A3C7-653427BED1E8}.Release|x86.Build.0 = Release|Win32
		{73C22456-D084-4C97-A1EF-314DBAD3AAB7}.Debug|x64.ActiveCfg = Debug|x64
		{73C22456-D084-4C97-A1EF-314DBAD3AAB7}.Debug|x64.Build.0 = Debug|x64
		{73C22456-D084-4C97-A1EF-314DBAD3AAB7}.Debug|x86.ActiveCfg = Debug|Win32
		{73C22456-D084-4C97-A1EF-314DBAD3AAB7}.Debug|x86.Build.0 = Debug|Win32
		{73C22456-D084-4C97-A1EF-314DBAD3AAB7}.Release|x64.ActiveCfg = Release|x64
		{73C22456-D084-4C97-A1EF-314DBAD3AAB7}.Release|x64.Build.0 = Release|x64
		{73C22456-D084-4C97-A1EF-314DBAD3AAB7}.Release|x86.ActiveCfg = Release|Win32
		{73C22456-D084-4C97-A1EF-314DBAD3AAB7}.Release|x86.Build.0 = Release|Win32
		{CF3FF4C1-8EBB-49A8-8CA8-63615F7FB616}.Debug|x64.ActiveCfg = Debug|x64
		{CF3FF4C1-8EBB-49A8-8CA8-63615F7FB616}.Debug|x64.Build.0 = Debug|x64
		{CF3FF4C1-8EBB-49A8-8CA8-63615F7FB616}.Debug|x86.ActiveCfg = Debug|Win32
		{CF3FF4C1-8EBB-49A8-8CA8-63615F7FB616}.Debug|x86.Build.0 = Debug|Win32
		{CF3FF4C1-8EBB-49A8-8CA8-63615F7FB616}.Release|x64.ActiveCfg = Release|x64
		{CF3FF4C1-8EBB-49A8-8CA8-63615F7FB616}.Release|x64.Build.0 = Release|x64
		{CF3FF4C1-8EBB-49A8-8CA8-63615F7FB616}.Release|x86.ActiveCfg = Release|Win32
		{CF3FF4C1-8EBB-49A8-8CA8-63615F7FB616}.Release|x86.Build.0 = Release|Win32
		{146E7678-095C-4439-A04D-15405745A7DB}.Debug|x64.ActiveCfg = Debug|x64
		{146E7678-095C-4439-A04D-15405745A7DB}.Debug|x64.Build.0 = Debug|x64
		{146E7678-095C-4439-A04D-15405745A7DB}.Debug|x86.ActiveCfg = Debug|Win32
		{146E7678-095C-4439-A04D-15405745A7DB}.Debug|x86.Build.0 = Debug|Win32
		{146E7678-095C-4439-A04D-15405745A7DB}.Release|x64.ActiveCfg = Release|x64
		{146E7678-095C-4439-A04D-15405745A7DB}.Release|x64.Build.0 = Release|x64
		{146E7678-095C-4439-A04D-15405745A7DB}.Release|x86.ActiveCfg = Release|Win32
		{146E7678-095C-4439-A04D-15405745A7DB}.Release|x86.Build.0 = Release|Win32
		{C69ACA3B-20E2-4D41-A67B-8F718060E950}.Debug|x64.ActiveCfg = Debug|x64
		{C69ACA3B-20E2-4D41-A67B-8F718060E950}.Debug|x64.Build.0 = Debug|x64
		{C69ACA3B-20E2-4D41-A67B-8F718060E950}.Debug|x86.ActiveCfg = Debug|Win32
		{C69ACA3B-20E2-4D41-A67B-8F718060E950}.Debug|x86.Build.0 = Debug|Win32
		{C69ACA3B-20E2-4D41-A67B-8F718060E950}.Release|x64.ActiveCfg = Release|x64
		{C69ACA3B-20E2-4D41-A67B-8F718060E950}.Release|x64.Build.0 = Release|x64
		{C69ACA3B-20E2-4D41-A67B-8F718060E950}.Release|x86.ActiveCfg = Release|Win32
		{C69ACA3B-20E2-4D41-A67B-8F718060E950}.Release|x86.Build.0 = Release|Win32
		{586FEDA7-9454-4BE3-870A-45478048A3FF}.Debug|x64.ActiveCfg = Debug|x64
		{586FEDA7-9454-4BE3-870A-45478048A3FF}.Debug|x64.Build.0 = Debug|x64
		{586FEDA7-9454-4BE3-870A-45478048A3FF}.Debug|x86.ActiveCfg = Debug|Win32
		{586FEDA7-9454-4BE3-870A-45478048A3FF}.Debug|x86.Build.0 = Debug|Win32
		{586FEDA7-9454-4BE3-870A-45478048A3FF}.Release|x64.ActiveCfg = Release|x64
		{586FEDA7-9454-4BE3-870A-45478048A3FF}.Release|x64.Build.0 = Release|x64
		{586FEDA7-9454-4BE3-870A-45478048A3FF}.Release|x86.ActiveCfg = Release|Win32
		{586FEDA7-9454-4BE3-870A-45478048A3FF}.Release|x86.Build.0 = Release|Win32
		{450D4CDF-0346-4A19-814E-467ABCEC26E8}.Debug|x64.ActiveCfg = Debug|x64
		{450D4CDF-0346-4A19-814E-467ABCEC26E8}.Debug|x64.Build.0 = Debug|x64
		{450D4CDF-0346-4A19-814E-467ABCEC26E8}.Debug|x86.ActiveCfg = Debug|Win32
		{450D4CDF-0346-4A19-814E-467ABCEC26E8}.Debug|x86.Build.0 = Debug|Win32
		{450D4CDF-0346-4A19-814E-467ABCEC26E8}.Release|x64.ActiveCfg = Release|x64
		{450D4CDF-0346-4A19-814E-467ABCEC26E8}.Release|x64.Build.0 = Release|x64
		{450D4CDF-0346-4A19-814E-467ABCEC26E8}.Release|x86.ActiveCfg = Release|Win32
		{450D4CDF-0346-4A19-814E-467ABCEC26E8}.Release|x86.Build.0 = Release|Win32
		{A3050288-0164-4FD8-B2FB-A14F233C6BBA}.Debug|x64.ActiveCfg = Debug|x64
		{A3050288-0164-4FD8-B2FB-A14F233C6BBA}.Debug|x64.Build.0 = Debug|x64
		{A3050288-0164-4FD8-B2FB-A14F233C6BBA}.Debug|x86.ActiveCfg = Debug|Win32
		{A3050288-0164-4FD8-B2FB-A14F233C6BBA}.Debug|x86.Build.0 = Debug|Win32
		{A3050288-0164-4FD8-B2FB-A14F233C6BBA}.Release|x64.ActiveCfg = Release|x64
		{A3050288-0164-4FD8-B2FB-A14F233C6BBA}.Release|x64.Build.0 = Release|x64
		{A3050288-0164-4FD8-B2FB-A14F233C6BBA}.Release|x86.ActiveCfg = Release|Win32
		{A3050288-0164-4FD8-B2FB-A14F233C6BBA}.Release|x86.Build.0 = Release|Win32
		{07DF55CD-44C4-42C8-A057-261878265556}.Debug|x64.ActiveCfg = Debug|x64
		{07DF55CD-44C4-42C8-A057-261878265556}.Debug|x64.Build.0 = Debug|x64
		{07DF55CD-44C4-42C8-A057-261878265556}.Debug|x86.ActiveCfg = Debug|Win32
		{07DF55CD-44C4-42C8-A057-261878265556}.Debug|x86.Build.0 = Debug|Win32
		{07DF55CD-44C4-42C8-A057-261878265556}.Release|x64.ActiveCfg = Release|x64
		{07DF55CD-44C4-42C8-A057-261878265556}.Release|x64.Build.0 = Release|x64
		{07DF55CD-44C4-42C8-A057-261878265556}.Release|x86.ActiveCfg = Release|Win32
		{07DF55CD-44C4-42C8-A057-261878265556}.Release|x86.Build.0 = Release|Win32
		{608D4852-700C-451D-B130-91A67B32A71A}.Debug|x64.ActiveCfg = Debug|x64
		{608D4852-700C-451D-B130-91A67B32A71A}.Debug|x64.Build.0 = Debug|x64
		{608D4852-700C-451D-B130-91A67B32A71A}.Debug|x86.ActiveCfg = Debug|Win32
		{608D4852-700C-451D-B130-91A67B32A71A}.Debug|x86.Build.0 = Debug|Win32
		{608D4852-700C-451D-B130-91A67B32A71A}.Release|x64.ActiveCfg = Release|x64
		{608D4852-700C-451D-B130-91A67B32A71A}.Release|x64.Build.0 = Release|x64
		{608D4852-700C-451D-B130-91A67B32A71A}.Release|x86.ActiveCfg = Release|Win32
		{608D4852-700C-451D-B130-91A67B32A71A}.Release|x86.Build.0 = Release|Win32
		{32BFB85D-B117-4087-B353-24956A4D02DA}.Debug|x64.ActiveCfg = Debug|x64
		{32BFB85D-B117-4087-B353-24956A4D02DA}.Debug|x64.Build.0 = Debug|x64
		{32BFB85D-B117-4087-B353-24956A4D02DA}.Debug|x86.ActiveCfg = Debug|Win32
		{32BFB85D-B117-4087-B353-24956A4D02DA}.Debug|x86.Build.0 = Debug|Win32
		{32BFB85D-B117-4087-B353-24956A4D02DA}.Release|x64.ActiveCfg = Release|x64
		{32BFB85D-B117-4087-B353-24956A4D02DA}.Release|x64.Build.0 = Release|x64
		{32BFB85D-B117-4087-B353-24956A4D02DA}.Release|x86.ActiveCfg = Release|Win32
		{32BFB85D-B117-4087-B353-24956A4D02DA}.Release|x86.Build.0 = Release|Win32
		{86F7AEB2-61E1-4CFF-B042-30A3C94357AF}.Debug|x64.ActiveCfg = Debug|x64
		{86F7AEB2-61E1-4CFF-B042-30A3C94357AF}.Debug|x64.Build.0 = Debug|x64
		{86F7AEB2-61E1-4CFF-B042-30A3C94357AF}.Debug|x86.ActiveCfg = Debug|Win32
		{86F7AEB2-61E1-4CFF-B042-30A3C94357AF}.Debug|x86.Build.0 = Debug|Win32
		{86F7AEB2-61E1-4CFF-B042-30A3C94357AF}.Release|x64.ActiveCfg = Release|x64
		{86F7AEB2-61E1-4CFF-B042-30A3C94357AF}.Release|x64.Build.0 = Release|x64
		{86F7AEB2-61E1-4CFF-B042-30A3C94357AF}.Release|x86.ActiveCfg = Release|Win32
		{86F7AEB2-61E1-4CFF-B042-30A3C94357AF}.Release|x86.Build.0 = Release|Win32
		{6EE48CD6-7542-437A-B32A-1BDF3C6143D8}.Debug|x64.ActiveCfg = Debug|x64
		{6EE48CD6-7542-437A-B32A-1BDF3C6143D8}.Debug|x64.Build.0 = Debug|x64
		{6EE48CD6-7542-437A-B32A-1BDF3C6143D8}.Debug|x86.ActiveCfg = Debug|Win32
		{6EE48CD6-7542-437A-B32A-1BDF3C6143D8}.Debug|x86.Build.0 = Debug|Win32
		{6EE48CD6-7542-437A-B32A-1BDF3C6143D8}.Release|x64.ActiveCfg = Release|x64
		{6EE48CD6-7542-437A-B32A-1BDF3C6143D8}.Release|x64.Build.0 = Release|x64
		{6EE48CD6-7542-437A-B32A-1BDF3C6143D8}.Release|x86.ActiveCfg = Release|Win32
		{6EE48CD6-7542-437A-B32A-1BDF3C6143D8}.Release|x86.Build.0 = Release|Win32
		{9EFE4E51-454A-4AFF-AEE5-26668E192C64}.Debug|x64.ActiveCfg = Debug|x64
		{9EFE4E51-454A-4AFF-AEE5-26668E192C64}.Debug|x64.Build.0 = Debug|x64
		{9EFE4E51-454A-4AFF-AEE5-26668E192C64}.Debug|x86.ActiveCfg = Debug|Win32
		{9EFE4E51-454A-4AFF-AEE5-26668E192C64}.Debug|x86.Build.0 = Debug|Win32
		{9EFE4E51-454A-4AFF-AEE5-26668E192C64}.Release|x64.ActiveCfg = Release|x64
		{9EFE4E51-454A-4AFF-AEE5-26668E192C64}.Release|x64.Build.0 = Release|x64
		{9EFE4E51-454A-4AFF-AEE5-26668E192C64}.Release|x86.ActiveCfg = Release|Win32
		{9EFE4E51-454A-4AFF-AEE5-26668E192C64}.Release|x86.Build.0 = Release|Win32
		{F0B127AC-410E-4A5C-B454-4DDAECA42D6A}.Debug|x64.ActiveCfg = Debug|x64
		{F0B127AC-410E-4A5C-B454-4DDAECA42D6A}.Debug|x64.Build.0 = Debug|x64
		{F0B127AC-410E-4A5C-B454-4DDAECA42D6A}.Debug|x86.ActiveCfg = Debug|Win32
		{F0B127AC-410E-4A5C-B454-4DDAECA42D6A}.Debug|x86.Build.0 = Debug|Win32
		{F0B127AC-410E-4A5C-B454-4DDAECA42D6A}.Release|x64.ActiveCfg = Release|x64
		{F0B127AC-410E-4A5C-B454-4DDAECA42D6A}.Release|x64.Build.0 = Release|x64
		{F0B127AC-410E-4A5C-B454-4DDAECA42D6A}.Release|x86.ActiveCfg = Release|Win32
		{F0B127AC-410E-4A5C-B454-4DDAECA42D6A}.Release|x86.Build.0 = Release|Win32
	EndGlobalSection
	GlobalSection(SolutionProperties) = preSolution
		HideSolutionNode = FALSE
	EndGlobalSection
	GlobalSection(NestedProjects) = preSolution
		{81CE9DB3-0180-45A2-AFDB-859267529CAD} = {02EA681E-C7D8-13C7-8484-4AC65E1B71E8}
		{7F2CB4CC-00BD-4121-8F14-C4E1B398493D} = {6CD879E0-67E9-4B40-B7DA-346056727AC1}
		{C58241CD-EAC3-46A1-A61D-8D62022172B9} = {0A018CD2-2A3C-4CAE-B017-652FB7A32785}
		{010A10EA-309A-4A40-8060-528235283023} = {6CD879E0-67E9-4B40-B7DA-346056727AC1}
		{E0B52AE7-E160-4D32-BF3F-910B785E5A8E} = {96F46E99-D1B1-4B7B-BF42-30151BCDDEFF}
		{341C9BB3-DAA2-49F5-B08A-90E39EAF34E9} = {6CD879E0-67E9-4B40-B7DA-346056727AC1}
		{C8C9EF2E-7690-4CC0-859D-244C71C560D0} = {0A018CD2-2A3C-4CAE-B017-652FB7A32785}
		{9E8AB125-6C7A-4972-A197-252DF14E0A6D} = {81D4BB96-B526-4904-ACF5-1E7900598A49}
		{3629F01A-6FED-42EB-B308-E9F7F1346EAF} = {6CD879E0-67E9-4B40-B7DA-346056727AC1}
		{296E5950-19B3-4FC9-BF2A-94EDC4BC635F} = {0A018CD2-2A3C-4CAE-B017-652FB7A32785}
		{5E4B1281-5505-4812-A9D0-193DB5E8A311} = {0A018CD2-2A3C-4CAE-B017-652FB7A32785}
		{52D656A2-A2F4-4C54-A3C7-653427BED1E8} = {96F46E99-D1B1-4B7B-BF42-30151BCDDEFF}
		{73C22456-D084-4C97-A1EF-314DBAD3AAB7} = {0A018CD2-2A3C-4CAE-B017-652FB7A32785}
		{CF3FF4C1-8EBB-49A8-8CA8-63615F7FB616} = {0A018CD2-2A3C-4CAE-B017-652FB7A32785}
		{146E7678-095C-4439-A04D-15405745A7DB} = {0A018CD2-2A3C-4CAE-B017-652FB7A32785}
		{C69ACA3B-20E2-4D41-A67B-8F718060E950} = {0A018CD2-2A3C-4CAE-B017-652FB7A32785}
		{586FEDA7-9454-4BE3-870A-45478048A3FF} = {FDAF19A3-4018-4276-BCB9-EDC88781B27D}
		{450D4CDF-0346-4A19-814E-467ABCEC26E8} = {FDAF19A3-4018-4276-BCB9-EDC88781B27D}
		{A3050288-0164-4FD8-B2FB-A14F233C6BBA} = {725DC519-D5A8-49CE-B122-817F1722B72B}
		{07DF55CD-44C4-42C8-A057-261878265556} = {FDAF19A3-4018-4276-BCB9-EDC88781B27D}
		{608D4852-700C-451D-B130-91A67B32A71A} = {FDAF19A3-4018-4276-BCB9-EDC88781B27D}
		{32BFB85D-B117-4087-B353-24956A4D02DA} = {FDAF19A3-4018-4276-BCB9-EDC88781B27D}
		{86F7AEB2-61E1-4CFF-B042-30A3C94357AF} = {FDAF19A3-4018-4276-BCB9-EDC88781B27D}
		{6EE48CD6-7542-437A-B32A-1BDF3C6143D8} = {FDAF19A3-4018-4276-BCB9-EDC88781B27D}
		{9EFE4E51-454A-4AFF-AEE5-26668E192C64} = {83EE5C27-CE0F-4481-BC1D-F0E8A3C2F4C2}
		{F0B127AC-410E-4A5C-B454-4DDAECA42D6A} = {83EE5C27-CE0F-4481-BC1D-F0E8A3C2F4C2}
	EndGlobalSection
	GlobalSection(ExtensibilityGlobals) = postSolution
		SolutionGuid = {3FD362C1-9DCF-4C30-BA1C-7C60EAFBEABC}
	EndGlobalSection
EndGlobal
